// !$*UTF8*$!
{
	archiveVersion = 1;
	classes = {
	};
	objectVersion = 77;
	objects = {

/* Begin PBXBuildFile section */
		4BDCAC332D7C602300F866ED /* Alamofire in Frameworks */ = {isa = PBXBuildFile; productRef = 4BDCAC322D7C602300F866ED /* Alamofire */; };
		4BDCAC362D7C603600F866ED /* GabTextView in Frameworks */ = {isa = PBXBuildFile; productRef = 4BDCAC352D7C603600F866ED /* GabTextView */; };
		4BDCAC382D7C604400F866ED /* Core.framework in Frameworks */ = {isa = PBXBuildFile; fileRef = 4BDCAC2D2D7C5FF300F866ED /* Core.framework */; };
		4BDCAC392D7C604400F866ED /* Core.framework in Embed Frameworks */ = {isa = PBXBuildFile; fileRef = 4BDCAC2D2D7C5FF300F866ED /* Core.framework */; settings = {ATTRIBUTES = (CodeSignOnCopy, RemoveHeadersOnCopy, ); }; };
/* End PBXBuildFile section */

/* Begin PBXContainerItemProxy section */
		4BDCABD12D7C5ABD00F866ED /* PBXContainerItemProxy */ = {
			isa = PBXContainerItemProxy;
			containerPortal = 4BDCABB82D7C5ABC00F866ED /* Project object */;
			proxyType = 1;
			remoteGlobalIDString = 4BDCABBF2D7C5ABC00F866ED;
			remoteInfo = ChattingView;
		};
		4BDCABDB2D7C5ABD00F866ED /* PBXContainerItemProxy */ = {
			isa = PBXContainerItemProxy;
			containerPortal = 4BDCABB82D7C5ABC00F866ED /* Project object */;
			proxyType = 1;
			remoteGlobalIDString = 4BDCABBF2D7C5ABC00F866ED;
			remoteInfo = ChattingView;
		};
		4BDCAC2C2D7C5FF300F866ED /* PBXContainerItemProxy */ = {
			isa = PBXContainerItemProxy;
			containerPortal = 4BDCAC282D7C5FF300F866ED /* Core.xcodeproj */;
			proxyType = 2;
			remoteGlobalIDString = 4BDCAC1D2D7C5FF200F866ED;
			remoteInfo = Core;
		};
/* End PBXContainerItemProxy section */

/* Begin PBXCopyFilesBuildPhase section */
		4BDCAC3A2D7C604400F866ED /* Embed Frameworks */ = {
			isa = PBXCopyFilesBuildPhase;
			buildActionMask = 2147483647;
			dstPath = "";
			dstSubfolderSpec = 10;
			files = (
				4BDCAC392D7C604400F866ED /* Core.framework in Embed Frameworks */,
			);
			name = "Embed Frameworks";
			runOnlyForDeploymentPostprocessing = 0;
		};
/* End PBXCopyFilesBuildPhase section */

/* Begin PBXFileReference section */
		4BDCABC02D7C5ABC00F866ED /* ChattingView.app */ = {isa = PBXFileReference; explicitFileType = wrapper.application; includeInIndex = 0; path = ChattingView.app; sourceTree = BUILT_PRODUCTS_DIR; };
		4BDCABD02D7C5ABD00F866ED /* ChattingViewTests.xctest */ = {isa = PBXFileReference; explicitFileType = wrapper.cfbundle; includeInIndex = 0; path = ChattingViewTests.xctest; sourceTree = BUILT_PRODUCTS_DIR; };
		4BDCABDA2D7C5ABD00F866ED /* ChattingViewUITests.xctest */ = {isa = PBXFileReference; explicitFileType = wrapper.cfbundle; includeInIndex = 0; path = ChattingViewUITests.xctest; sourceTree = BUILT_PRODUCTS_DIR; };
		4BDCAC282D7C5FF300F866ED /* Core.xcodeproj */ = {isa = PBXFileReference; lastKnownFileType = "wrapper.pb-project"; name = Core.xcodeproj; path = Core/Core.xcodeproj; sourceTree = "<group>"; };
/* End PBXFileReference section */

/* Begin PBXFileSystemSynchronizedRootGroup section */
		4BDCABC22D7C5ABC00F866ED /* ChattingView */ = {
			isa = PBXFileSystemSynchronizedRootGroup;
			path = ChattingView;
			sourceTree = "<group>";
		};
		4BDCABD32D7C5ABD00F866ED /* ChattingViewTests */ = {
			isa = PBXFileSystemSynchronizedRootGroup;
			path = ChattingViewTests;
			sourceTree = "<group>";
		};
		4BDCABDD2D7C5ABD00F866ED /* ChattingViewUITests */ = {
			isa = PBXFileSystemSynchronizedRootGroup;
			path = ChattingViewUITests;
			sourceTree = "<group>";
		};
/* End PBXFileSystemSynchronizedRootGroup section */

/* Begin PBXFrameworksBuildPhase section */
		4BDCABBD2D7C5ABC00F866ED /* Frameworks */ = {
			isa = PBXFrameworksBuildPhase;
			buildActionMask = 2147483647;
			files = (
				4BDCAC332D7C602300F866ED /* Alamofire in Frameworks */,
				4BDCAC382D7C604400F866ED /* Core.framework in Frameworks */,
				4BDCAC362D7C603600F866ED /* GabTextView in Frameworks */,
			);
			runOnlyForDeploymentPostprocessing = 0;
		};
		4BDCABCD2D7C5ABD00F866ED /* Frameworks */ = {
			isa = PBXFrameworksBuildPhase;
			buildActionMask = 2147483647;
			files = (
			);
			runOnlyForDeploymentPostprocessing = 0;
		};
		4BDCABD72D7C5ABD00F866ED /* Frameworks */ = {
			isa = PBXFrameworksBuildPhase;
			buildActionMask = 2147483647;
			files = (
			);
			runOnlyForDeploymentPostprocessing = 0;
		};
/* End PBXFrameworksBuildPhase section */

/* Begin PBXGroup section */
		4BDCABB72D7C5ABC00F866ED = {
			isa = PBXGroup;
			children = (
				4BDCABFD2D7C5FC600F866ED /* Modules */,
				4BDCABC22D7C5ABC00F866ED /* ChattingView */,
				4BDCABD32D7C5ABD00F866ED /* ChattingViewTests */,
				4BDCABDD2D7C5ABD00F866ED /* ChattingViewUITests */,
				4BDCAC372D7C604400F866ED /* Frameworks */,
				4BDCABC12D7C5ABC00F866ED /* Products */,
			);
			sourceTree = "<group>";
		};
		4BDCABC12D7C5ABC00F866ED /* Products */ = {
			isa = PBXGroup;
			children = (
				4BDCABC02D7C5ABC00F866ED /* ChattingView.app */,
				4BDCABD02D7C5ABD00F866ED /* ChattingViewTests.xctest */,
				4BDCABDA2D7C5ABD00F866ED /* ChattingViewUITests.xctest */,
			);
			name = Products;
			sourceTree = "<group>";
		};
		4BDCABFD2D7C5FC600F866ED /* Modules */ = {
			isa = PBXGroup;
			children = (
				4BDCAC282D7C5FF300F866ED /* Core.xcodeproj */,
			);
			path = Modules;
			sourceTree = "<group>";
		};
		4BDCAC292D7C5FF300F866ED /* Products */ = {
			isa = PBXGroup;
			children = (
				4BDCAC2D2D7C5FF300F866ED /* Core.framework */,
			);
			name = Products;
			sourceTree = "<group>";
		};
		4BDCAC372D7C604400F866ED /* Frameworks */ = {
			isa = PBXGroup;
			children = (
			);
			name = Frameworks;
			sourceTree = "<group>";
		};
/* End PBXGroup section */

/* Begin PBXNativeTarget section */
		4BDCABBF2D7C5ABC00F866ED /* ChattingView */ = {
			isa = PBXNativeTarget;
			buildConfigurationList = 4BDCABE42D7C5ABD00F866ED /* Build configuration list for PBXNativeTarget "ChattingView" */;
			buildPhases = (
				4BDCABBC2D7C5ABC00F866ED /* Sources */,
				4BDCABBD2D7C5ABC00F866ED /* Frameworks */,
				4BDCABBE2D7C5ABC00F866ED /* Resources */,
				4BDCAC3A2D7C604400F866ED /* Embed Frameworks */,
			);
			buildRules = (
			);
			dependencies = (
			);
			fileSystemSynchronizedGroups = (
				4BDCABC22D7C5ABC00F866ED /* ChattingView */,
			);
			name = ChattingView;
			packageProductDependencies = (
				4BDCAC322D7C602300F866ED /* Alamofire */,
				4BDCAC352D7C603600F866ED /* GabTextView */,
			);
			productName = ChattingView;
			productReference = 4BDCABC02D7C5ABC00F866ED /* ChattingView.app */;
			productType = "com.apple.product-type.application";
		};
		4BDCABCF2D7C5ABD00F866ED /* ChattingViewTests */ = {
			isa = PBXNativeTarget;
			buildConfigurationList = 4BDCABE72D7C5ABD00F866ED /* Build configuration list for PBXNativeTarget "ChattingViewTests" */;
			buildPhases = (
				4BDCABCC2D7C5ABD00F866ED /* Sources */,
				4BDCABCD2D7C5ABD00F866ED /* Frameworks */,
				4BDCABCE2D7C5ABD00F866ED /* Resources */,
			);
			buildRules = (
			);
			dependencies = (
				4BDCABD22D7C5ABD00F866ED /* PBXTargetDependency */,
			);
			fileSystemSynchronizedGroups = (
				4BDCABD32D7C5ABD00F866ED /* ChattingViewTests */,
			);
			name = ChattingViewTests;
			packageProductDependencies = (
			);
			productName = ChattingViewTests;
			productReference = 4BDCABD02D7C5ABD00F866ED /* ChattingViewTests.xctest */;
			productType = "com.apple.product-type.bundle.unit-test";
		};
		4BDCABD92D7C5ABD00F866ED /* ChattingViewUITests */ = {
			isa = PBXNativeTarget;
			buildConfigurationList = 4BDCABEA2D7C5ABD00F866ED /* Build configuration list for PBXNativeTarget "ChattingViewUITests" */;
			buildPhases = (
				4BDCABD62D7C5ABD00F866ED /* Sources */,
				4BDCABD72D7C5ABD00F866ED /* Frameworks */,
				4BDCABD82D7C5ABD00F866ED /* Resources */,
			);
			buildRules = (
			);
			dependencies = (
				4BDCABDC2D7C5ABD00F866ED /* PBXTargetDependency */,
			);
			fileSystemSynchronizedGroups = (
				4BDCABDD2D7C5ABD00F866ED /* ChattingViewUITests */,
			);
			name = ChattingViewUITests;
			packageProductDependencies = (
			);
			productName = ChattingViewUITests;
			productReference = 4BDCABDA2D7C5ABD00F866ED /* ChattingViewUITests.xctest */;
			productType = "com.apple.product-type.bundle.ui-testing";
		};
/* End PBXNativeTarget section */

/* Begin PBXProject section */
		4BDCABB82D7C5ABC00F866ED /* Project object */ = {
			isa = PBXProject;
			attributes = {
				BuildIndependentTargetsInParallel = 1;
				LastSwiftUpdateCheck = 1620;
				LastUpgradeCheck = 1620;
				TargetAttributes = {
					4BDCABBF2D7C5ABC00F866ED = {
						CreatedOnToolsVersion = 16.2;
					};
					4BDCABCF2D7C5ABD00F866ED = {
						CreatedOnToolsVersion = 16.2;
						TestTargetID = 4BDCABBF2D7C5ABC00F866ED;
					};
					4BDCABD92D7C5ABD00F866ED = {
						CreatedOnToolsVersion = 16.2;
						TestTargetID = 4BDCABBF2D7C5ABC00F866ED;
					};
				};
			};
			buildConfigurationList = 4BDCABBB2D7C5ABC00F866ED /* Build configuration list for PBXProject "ChattingView" */;
			developmentRegion = en;
			hasScannedForEncodings = 0;
			knownRegions = (
				en,
				Base,
			);
			mainGroup = 4BDCABB72D7C5ABC00F866ED;
			minimizedProjectReferenceProxies = 1;
			packageReferences = (
				4BDCAC312D7C602300F866ED /* XCRemoteSwiftPackageReference "Alamofire" */,
				4BDCAC342D7C603600F866ED /* XCRemoteSwiftPackageReference "swiftui-textView" */,
			);
			preferredProjectObjectVersion = 77;
			productRefGroup = 4BDCABC12D7C5ABC00F866ED /* Products */;
			projectDirPath = "";
			projectReferences = (
				{
					ProductGroup = 4BDCAC292D7C5FF300F866ED /* Products */;
					ProjectRef = 4BDCAC282D7C5FF300F866ED /* Core.xcodeproj */;
				},
			);
			projectRoot = "";
			targets = (
				4BDCABBF2D7C5ABC00F866ED /* ChattingView */,
				4BDCABCF2D7C5ABD00F866ED /* ChattingViewTests */,
				4BDCABD92D7C5ABD00F866ED /* ChattingViewUITests */,
			);
		};
/* End PBXProject section */

/* Begin PBXReferenceProxy section */
		4BDCAC2D2D7C5FF300F866ED /* Core.framework */ = {
			isa = PBXReferenceProxy;
			fileType = wrapper.framework;
			path = Core.framework;
			remoteRef = 4BDCAC2C2D7C5FF300F866ED /* PBXContainerItemProxy */;
			sourceTree = BUILT_PRODUCTS_DIR;
		};
/* End PBXReferenceProxy section */

/* Begin PBXResourcesBuildPhase section */
		4BDCABBE2D7C5ABC00F866ED /* Resources */ = {
			isa = PBXResourcesBuildPhase;
			buildActionMask = 2147483647;
			files = (
			);
			runOnlyForDeploymentPostprocessing = 0;
		};
		4BDCABCE2D7C5ABD00F866ED /* Resources */ = {
			isa = PBXResourcesBuildPhase;
			buildActionMask = 2147483647;
			files = (
			);
			runOnlyForDeploymentPostprocessing = 0;
		};
		4BDCABD82D7C5ABD00F866ED /* Resources */ = {
			isa = PBXResourcesBuildPhase;
			buildActionMask = 2147483647;
			files = (
			);
			runOnlyForDeploymentPostprocessing = 0;
		};
/* End PBXResourcesBuildPhase section */

/* Begin PBXSourcesBuildPhase section */
		4BDCABBC2D7C5ABC00F866ED /* Sources */ = {
			isa = PBXSourcesBuildPhase;
			buildActionMask = 2147483647;
			files = (
			);
			runOnlyForDeploymentPostprocessing = 0;
		};
		4BDCABCC2D7C5ABD00F866ED /* Sources */ = {
			isa = PBXSourcesBuildPhase;
			buildActionMask = 2147483647;
			files = (
			);
			runOnlyForDeploymentPostprocessing = 0;
		};
		4BDCABD62D7C5ABD00F866ED /* Sources */ = {
			isa = PBXSourcesBuildPhase;
			buildActionMask = 2147483647;
			files = (
			);
			runOnlyForDeploymentPostprocessing = 0;
		};
/* End PBXSourcesBuildPhase section */

/* Begin PBXTargetDependency section */
		4BDCABD22D7C5ABD00F866ED /* PBXTargetDependency */ = {
			isa = PBXTargetDependency;
			target = 4BDCABBF2D7C5ABC00F866ED /* ChattingView */;
			targetProxy = 4BDCABD12D7C5ABD00F866ED /* PBXContainerItemProxy */;
		};
		4BDCABDC2D7C5ABD00F866ED /* PBXTargetDependency */ = {
			isa = PBXTargetDependency;
			target = 4BDCABBF2D7C5ABC00F866ED /* ChattingView */;
			targetProxy = 4BDCABDB2D7C5ABD00F866ED /* PBXContainerItemProxy */;
		};
/* End PBXTargetDependency section */

/* Begin XCBuildConfiguration section */
		4BDCABE22D7C5ABD00F866ED /* Debug */ = {
			isa = XCBuildConfiguration;
			buildSettings = {
				ALWAYS_SEARCH_USER_PATHS = NO;
				ASSETCATALOG_COMPILER_GENERATE_SWIFT_ASSET_SYMBOL_EXTENSIONS = YES;
				CLANG_ANALYZER_NONNULL = YES;
				CLANG_ANALYZER_NUMBER_OBJECT_CONVERSION = YES_AGGRESSIVE;
				CLANG_CXX_LANGUAGE_STANDARD = "gnu++20";
				CLANG_ENABLE_MODULES = YES;
				CLANG_ENABLE_OBJC_ARC = YES;
				CLANG_ENABLE_OBJC_WEAK = YES;
				CLANG_WARN_BLOCK_CAPTURE_AUTORELEASING = YES;
				CLANG_WARN_BOOL_CONVERSION = YES;
				CLANG_WARN_COMMA = YES;
				CLANG_WARN_CONSTANT_CONVERSION = YES;
				CLANG_WARN_DEPRECATED_OBJC_IMPLEMENTATIONS = YES;
				CLANG_WARN_DIRECT_OBJC_ISA_USAGE = YES_ERROR;
				CLANG_WARN_DOCUMENTATION_COMMENTS = YES;
				CLANG_WARN_EMPTY_BODY = YES;
				CLANG_WARN_ENUM_CONVERSION = YES;
				CLANG_WARN_INFINITE_RECURSION = YES;
				CLANG_WARN_INT_CONVERSION = YES;
				CLANG_WARN_NON_LITERAL_NULL_CONVERSION = YES;
				CLANG_WARN_OBJC_IMPLICIT_RETAIN_SELF = YES;
				CLANG_WARN_OBJC_LITERAL_CONVERSION = YES;
				CLANG_WARN_OBJC_ROOT_CLASS = YES_ERROR;
				CLANG_WARN_QUOTED_INCLUDE_IN_FRAMEWORK_HEADER = YES;
				CLANG_WARN_RANGE_LOOP_ANALYSIS = YES;
				CLANG_WARN_STRICT_PROTOTYPES = YES;
				CLANG_WARN_SUSPICIOUS_MOVE = YES;
				CLANG_WARN_UNGUARDED_AVAILABILITY = YES_AGGRESSIVE;
				CLANG_WARN_UNREACHABLE_CODE = YES;
				CLANG_WARN__DUPLICATE_METHOD_MATCH = YES;
				COPY_PHASE_STRIP = NO;
				DEBUG_INFORMATION_FORMAT = dwarf;
				ENABLE_STRICT_OBJC_MSGSEND = YES;
				ENABLE_TESTABILITY = YES;
				ENABLE_USER_SCRIPT_SANDBOXING = YES;
				GCC_C_LANGUAGE_STANDARD = gnu17;
				GCC_DYNAMIC_NO_PIC = NO;
				GCC_NO_COMMON_BLOCKS = YES;
				GCC_OPTIMIZATION_LEVEL = 0;
				GCC_PREPROCESSOR_DEFINITIONS = (
					"DEBUG=1",
					"$(inherited)",
				);
				GCC_WARN_64_TO_32_BIT_CONVERSION = YES;
				GCC_WARN_ABOUT_RETURN_TYPE = YES_ERROR;
				GCC_WARN_UNDECLARED_SELECTOR = YES;
				GCC_WARN_UNINITIALIZED_AUTOS = YES_AGGRESSIVE;
				GCC_WARN_UNUSED_FUNCTION = YES;
				GCC_WARN_UNUSED_VARIABLE = YES;
				IPHONEOS_DEPLOYMENT_TARGET = 18.2;
				LOCALIZATION_PREFERS_STRING_CATALOGS = YES;
				MTL_ENABLE_DEBUG_INFO = INCLUDE_SOURCE;
				MTL_FAST_MATH = YES;
				ONLY_ACTIVE_ARCH = YES;
				SDKROOT = iphoneos;
				SWIFT_ACTIVE_COMPILATION_CONDITIONS = "DEBUG $(inherited)";
				SWIFT_OPTIMIZATION_LEVEL = "-Onone";
			};
			name = Debug;
		};
		4BDCABE32D7C5ABD00F866ED /* Release */ = {
			isa = XCBuildConfiguration;
			buildSettings = {
				ALWAYS_SEARCH_USER_PATHS = NO;
				ASSETCATALOG_COMPILER_GENERATE_SWIFT_ASSET_SYMBOL_EXTENSIONS = YES;
				CLANG_ANALYZER_NONNULL = YES;
				CLANG_ANALYZER_NUMBER_OBJECT_CONVERSION = YES_AGGRESSIVE;
				CLANG_CXX_LANGUAGE_STANDARD = "gnu++20";
				CLANG_ENABLE_MODULES = YES;
				CLANG_ENABLE_OBJC_ARC = YES;
				CLANG_ENABLE_OBJC_WEAK = YES;
				CLANG_WARN_BLOCK_CAPTURE_AUTORELEASING = YES;
				CLANG_WARN_BOOL_CONVERSION = YES;
				CLANG_WARN_COMMA = YES;
				CLANG_WARN_CONSTANT_CONVERSION = YES;
				CLANG_WARN_DEPRECATED_OBJC_IMPLEMENTATIONS = YES;
				CLANG_WARN_DIRECT_OBJC_ISA_USAGE = YES_ERROR;
				CLANG_WARN_DOCUMENTATION_COMMENTS = YES;
				CLANG_WARN_EMPTY_BODY = YES;
				CLANG_WARN_ENUM_CONVERSION = YES;
				CLANG_WARN_INFINITE_RECURSION = YES;
				CLANG_WARN_INT_CONVERSION = YES;
				CLANG_WARN_NON_LITERAL_NULL_CONVERSION = YES;
				CLANG_WARN_OBJC_IMPLICIT_RETAIN_SELF = YES;
				CLANG_WARN_OBJC_LITERAL_CONVERSION = YES;
				CLANG_WARN_OBJC_ROOT_CLASS = YES_ERROR;
				CLANG_WARN_QUOTED_INCLUDE_IN_FRAMEWORK_HEADER = YES;
				CLANG_WARN_RANGE_LOOP_ANALYSIS = YES;
				CLANG_WARN_STRICT_PROTOTYPES = YES;
				CLANG_WARN_SUSPICIOUS_MOVE = YES;
				CLANG_WARN_UNGUARDED_AVAILABILITY = YES_AGGRESSIVE;
				CLANG_WARN_UNREACHABLE_CODE = YES;
				CLANG_WARN__DUPLICATE_METHOD_MATCH = YES;
				COPY_PHASE_STRIP = NO;
				DEBUG_INFORMATION_FORMAT = "dwarf-with-dsym";
				ENABLE_NS_ASSERTIONS = NO;
				ENABLE_STRICT_OBJC_MSGSEND = YES;
				ENABLE_USER_SCRIPT_SANDBOXING = YES;
				GCC_C_LANGUAGE_STANDARD = gnu17;
				GCC_NO_COMMON_BLOCKS = YES;
				GCC_WARN_64_TO_32_BIT_CONVERSION = YES;
				GCC_WARN_ABOUT_RETURN_TYPE = YES_ERROR;
				GCC_WARN_UNDECLARED_SELECTOR = YES;
				GCC_WARN_UNINITIALIZED_AUTOS = YES_AGGRESSIVE;
				GCC_WARN_UNUSED_FUNCTION = YES;
				GCC_WARN_UNUSED_VARIABLE = YES;
				IPHONEOS_DEPLOYMENT_TARGET = 18.2;
				LOCALIZATION_PREFERS_STRING_CATALOGS = YES;
				MTL_ENABLE_DEBUG_INFO = NO;
				MTL_FAST_MATH = YES;
				SDKROOT = iphoneos;
				SWIFT_COMPILATION_MODE = wholemodule;
				VALIDATE_PRODUCT = YES;
			};
			name = Release;
		};
		4BDCABE52D7C5ABD00F866ED /* Debug */ = {
			isa = XCBuildConfiguration;
			buildSettings = {
				ASSETCATALOG_COMPILER_APPICON_NAME = AppIcon;
				ASSETCATALOG_COMPILER_GLOBAL_ACCENT_COLOR_NAME = AccentColor;
				CODE_SIGN_STYLE = Automatic;
				CURRENT_PROJECT_VERSION = 1;
				DEVELOPMENT_ASSET_PATHS = "\"ChattingView/Preview Content\"";
				DEVELOPMENT_TEAM = JA868URLCA;
				ENABLE_PREVIEWS = YES;
				GENERATE_INFOPLIST_FILE = YES;
				INFOPLIST_KEY_UIApplicationSceneManifest_Generation = YES;
				INFOPLIST_KEY_UIApplicationSupportsIndirectInputEvents = YES;
				INFOPLIST_KEY_UILaunchScreen_Generation = YES;
				INFOPLIST_KEY_UISupportedInterfaceOrientations_iPad = "UIInterfaceOrientationPortrait UIInterfaceOrientationPortraitUpsideDown UIInterfaceOrientationLandscapeLeft UIInterfaceOrientationLandscapeRight";
				INFOPLIST_KEY_UISupportedInterfaceOrientations_iPhone = "UIInterfaceOrientationPortrait UIInterfaceOrientationLandscapeLeft UIInterfaceOrientationLandscapeRight";
				IPHONEOS_DEPLOYMENT_TARGET = 16;
				LD_RUNPATH_SEARCH_PATHS = (
					"$(inherited)",
					"@executable_path/Frameworks",
				);
				MARKETING_VERSION = 1.0;
				PRODUCT_BUNDLE_IDENTIFIER = Gab.ChattingView;
				PRODUCT_NAME = "$(TARGET_NAME)";
				SWIFT_EMIT_LOC_STRINGS = YES;
				SWIFT_VERSION = 5.0;
				TARGETED_DEVICE_FAMILY = "1,2";
			};
			name = Debug;
		};
		4BDCABE62D7C5ABD00F866ED /* Release */ = {
			isa = XCBuildConfiguration;
			buildSettings = {
				ASSETCATALOG_COMPILER_APPICON_NAME = AppIcon;
				ASSETCATALOG_COMPILER_GLOBAL_ACCENT_COLOR_NAME = AccentColor;
				CODE_SIGN_STYLE = Automatic;
				CURRENT_PROJECT_VERSION = 1;
				DEVELOPMENT_ASSET_PATHS = "\"ChattingView/Preview Content\"";
				DEVELOPMENT_TEAM = JA868URLCA;
				ENABLE_PREVIEWS = YES;
				GENERATE_INFOPLIST_FILE = YES;
				INFOPLIST_KEY_UIApplicationSceneManifest_Generation = YES;
				INFOPLIST_KEY_UIApplicationSupportsIndirectInputEvents = YES;
				INFOPLIST_KEY_UILaunchScreen_Generation = YES;
				INFOPLIST_KEY_UISupportedInterfaceOrientations_iPad = "UIInterfaceOrientationPortrait UIInterfaceOrientationPortraitUpsideDown UIInterfaceOrientationLandscapeLeft UIInterfaceOrientationLandscapeRight";
				INFOPLIST_KEY_UISupportedInterfaceOrientations_iPhone = "UIInterfaceOrientationPortrait UIInterfaceOrientationLandscapeLeft UIInterfaceOrientationLandscapeRight";
				IPHONEOS_DEPLOYMENT_TARGET = 16;
				LD_RUNPATH_SEARCH_PATHS = (
					"$(inherited)",
					"@executable_path/Frameworks",
				);
				MARKETING_VERSION = 1.0;
				PRODUCT_BUNDLE_IDENTIFIER = Gab.ChattingView;
				PRODUCT_NAME = "$(TARGET_NAME)";
				SWIFT_EMIT_LOC_STRINGS = YES;
				SWIFT_VERSION = 5.0;
				TARGETED_DEVICE_FAMILY = "1,2";
			};
			name = Release;
		};
		4BDCABE82D7C5ABD00F866ED /* Debug */ = {
			isa = XCBuildConfiguration;
			buildSettings = {
				BUNDLE_LOADER = "$(TEST_HOST)";
				CODE_SIGN_STYLE = Automatic;
				CURRENT_PROJECT_VERSION = 1;
				DEVELOPMENT_TEAM = JA868URLCA;
				GENERATE_INFOPLIST_FILE = YES;
				IPHONEOS_DEPLOYMENT_TARGET = 18.2;
				MARKETING_VERSION = 1.0;
				PRODUCT_BUNDLE_IDENTIFIER = Gab.ChattingViewTests;
				PRODUCT_NAME = "$(TARGET_NAME)";
				SWIFT_EMIT_LOC_STRINGS = NO;
				SWIFT_VERSION = 5.0;
				TARGETED_DEVICE_FAMILY = "1,2";
				TEST_HOST = "$(BUILT_PRODUCTS_DIR)/ChattingView.app/$(BUNDLE_EXECUTABLE_FOLDER_PATH)/ChattingView";
			};
			name = Debug;
		};
		4BDCABE92D7C5ABD00F866ED /* Release */ = {
			isa = XCBuildConfiguration;
			buildSettings = {
				BUNDLE_LOADER = "$(TEST_HOST)";
				CODE_SIGN_STYLE = Automatic;
				CURRENT_PROJECT_VERSION = 1;
				DEVELOPMENT_TEAM = JA868URLCA;
				GENERATE_INFOPLIST_FILE = YES;
				IPHONEOS_DEPLOYMENT_TARGET = 18.2;
				MARKETING_VERSION = 1.0;
				PRODUCT_BUNDLE_IDENTIFIER = Gab.ChattingViewTests;
				PRODUCT_NAME = "$(TARGET_NAME)";
				SWIFT_EMIT_LOC_STRINGS = NO;
				SWIFT_VERSION = 5.0;
				TARGETED_DEVICE_FAMILY = "1,2";
				TEST_HOST = "$(BUILT_PRODUCTS_DIR)/ChattingView.app/$(BUNDLE_EXECUTABLE_FOLDER_PATH)/ChattingView";
			};
			name = Release;
		};
		4BDCABEB2D7C5ABD00F866ED /* Debug */ = {
			isa = XCBuildConfiguration;
			buildSettings = {
				CODE_SIGN_STYLE = Automatic;
				CURRENT_PROJECT_VERSION = 1;
				DEVELOPMENT_TEAM = JA868URLCA;
				GENERATE_INFOPLIST_FILE = YES;
				MARKETING_VERSION = 1.0;
				PRODUCT_BUNDLE_IDENTIFIER = Gab.ChattingViewUITests;
				PRODUCT_NAME = "$(TARGET_NAME)";
				SWIFT_EMIT_LOC_STRINGS = NO;
				SWIFT_VERSION = 5.0;
				TARGETED_DEVICE_FAMILY = "1,2";
				TEST_TARGET_NAME = ChattingView;
			};
			name = Debug;
		};
		4BDCABEC2D7C5ABD00F866ED /* Release */ = {
			isa = XCBuildConfiguration;
			buildSettings = {
				CODE_SIGN_STYLE = Automatic;
				CURRENT_PROJECT_VERSION = 1;
				DEVELOPMENT_TEAM = JA868URLCA;
				GENERATE_INFOPLIST_FILE = YES;
				MARKETING_VERSION = 1.0;
				PRODUCT_BUNDLE_IDENTIFIER = Gab.ChattingViewUITests;
				PRODUCT_NAME = "$(TARGET_NAME)";
				SWIFT_EMIT_LOC_STRINGS = NO;
				SWIFT_VERSION = 5.0;
				TARGETED_DEVICE_FAMILY = "1,2";
				TEST_TARGET_NAME = ChattingView;
			};
			name = Release;
		};
/* End XCBuildConfiguration section */

/* Begin XCConfigurationList section */
		4BDCABBB2D7C5ABC00F866ED /* Build configuration list for PBXProject "ChattingView" */ = {
			isa = XCConfigurationList;
			buildConfigurations = (
				4BDCABE22D7C5ABD00F866ED /* Debug */,
				4BDCABE32D7C5ABD00F866ED /* Release */,
			);
			defaultConfigurationIsVisible = 0;
			defaultConfigurationName = Release;
		};
		4BDCABE42D7C5ABD00F866ED /* Build configuration list for PBXNativeTarget "ChattingView" */ = {
			isa = XCConfigurationList;
			buildConfigurations = (
				4BDCABE52D7C5ABD00F866ED /* Debug */,
				4BDCABE62D7C5ABD00F866ED /* Release */,
			);
			defaultConfigurationIsVisible = 0;
			defaultConfigurationName = Release;
		};
		4BDCABE72D7C5ABD00F866ED /* Build configuration list for PBXNativeTarget "ChattingViewTests" */ = {
			isa = XCConfigurationList;
			buildConfigurations = (
				4BDCABE82D7C5ABD00F866ED /* Debug */,
				4BDCABE92D7C5ABD00F866ED /* Release */,
			);
			defaultConfigurationIsVisible = 0;
			defaultConfigurationName = Release;
		};
		4BDCABEA2D7C5ABD00F866ED /* Build configuration list for PBXNativeTarget "ChattingViewUITests" */ = {
			isa = XCConfigurationList;
			buildConfigurations = (
				4BDCABEB2D7C5ABD00F866ED /* Debug */,
				4BDCABEC2D7C5ABD00F866ED /* Release */,
			);
			defaultConfigurationIsVisible = 0;
			defaultConfigurationName = Release;
		};
/* End XCConfigurationList section */

/* Begin XCRemoteSwiftPackageReference section */
		4BDCAC312D7C602300F866ED /* XCRemoteSwiftPackageReference "Alamofire" */ = {
			isa = XCRemoteSwiftPackageReference;
			repositoryURL = "https://github.com/Alamofire/Alamofire";
			requirement = {
				kind = upToNextMajorVersion;
				minimumVersion = 5.10.2;
			};
		};
		4BDCAC342D7C603600F866ED /* XCRemoteSwiftPackageReference "swiftui-textView" */ = {
			isa = XCRemoteSwiftPackageReference;
			repositoryURL = "https://github.com/sanggab/swiftui-textView";
			requirement = {
				kind = upToNextMajorVersion;
				minimumVersion = 2.2.0;
			};
		};
/* End XCRemoteSwiftPackageReference section */

/* Begin XCSwiftPackageProductDependency section */
		4BDCAC322D7C602300F866ED /* Alamofire */ = {
			isa = XCSwiftPackageProductDependency;
			package = 4BDCAC312D7C602300F866ED /* XCRemoteSwiftPackageReference "Alamofire" */;
			productName = Alamofire;
		};
		4BDCAC352D7C603600F866ED /* GabTextView */ = {
			isa = XCSwiftPackageProductDependency;
			package = 4BDCAC342D7C603600F866ED /* XCRemoteSwiftPackageReference "swiftui-textView" */;
			productName = GabTextView;
		};
/* End XCSwiftPackageProductDependency section */
	};
	rootObject = 4BDCABB82D7C5ABC00F866ED /* Project object */;
}
